Microsoft Visual Studio Solution File, Format Version 12.00
# Visual Studio Version 17
VisualStudioVersion = 17.5.2.0
MinimumVisualStudioVersion = 10.0.40219.1
Project("{FAE04EC0-301F-11D3-BF4B-00C04F79EFBC}") = "SorceryClans3", "SorceryClans3.csproj", "{947FAAAC-90B3-8D4D-26C0-61A2A1057E3B}"
EndProject
Global
	GlobalSection(SolutionConfigurationPlatforms) = preSolution
		Debug|Any CPU = Debug|Any CPU
		Release|Any CPU = Release|Any CPU
	EndGlobalSection
	GlobalSection(ProjectConfigurationPlatforms) = postSolution
		{947FAAAC-90B3-8D4D-26C0-61A2A1057E3B}.Debug|Any CPU.ActiveCfg = Debug|Any CPU
		{947FAAAC-90B3-8D4D-26C0-61A2A1057E3B}.Debug|Any CPU.Build.0 = Debug|Any CPU
		{947FAAAC-90B3-8D4D-26C0-61A2A1057E3B}.Release|Any CPU.ActiveCfg = Release|Any CPU
		{947FAAAC-90B3-8D4D-26C0-61A2A1057E3B}.Release|Any CPU.Build.0 = Release|Any CPU
	EndGlobalSection
	GlobalSection(SolutionProperties) = preSolution
		HideSolutionNode = FALSE
	EndGlobalSection
	GlobalSection(ExtensibilityGlobals) = postSolution
		SolutionGuid = {B8E52B06-F9FC-49F7-8488-5FCC6199594E}
	EndGlobalSection
EndGlobal
